
Microsoft Visual Studio Solution File, Format Version 12.00
# Visual Studio Version 17
VisualStudioVersion = 17.10.35027.167
MinimumVisualStudioVersion = 10.0.40219.1
Project("{2150E333-8FDC-42A3-9474-1A3956D46DE8}") = "Microservices", "Microservices", "{C9D7117E-2E26-4EF7-BA4A-E3B2D4C222C3}"
EndProject
Project("{2150E333-8FDC-42A3-9474-1A3956D46DE8}") = "Domain", "Domain", "{2719A935-BDBE-4AE9-ABF1-428D66ACE4D0}"
EndProject
Project("{2150E333-8FDC-42A3-9474-1A3956D46DE8}") = "Infra.Bus", "Infra.Bus", "{5451C9CE-5F09-4B0E-8F3E-3763313614A3}"
EndProject
Project("{2150E333-8FDC-42A3-9474-1A3956D46DE8}") = "Infra.IoC", "Infra.IoC", "{FB78C639-DB37-49CC-9D4D-426B05BA5134}"
EndProject
Project("{2150E333-8FDC-42A3-9474-1A3956D46DE8}") = "Presentation", "Presentation", "{35EF5BAA-4B57-4177-B46B-1421AAF573DB}"
EndProject
Project("{9A19103F-16F7-4668-BE54-9A1E7A4F7556}") = "MicroRabbit.Domain.Core", "MicroRabbit.Domain.Core\MicroRabbit.Domain.Core.csproj", "{39704DAB-7175-478F-914F-9013F035F906}"
EndProject
Project("{9A19103F-16F7-4668-BE54-9A1E7A4F7556}") = "MicroRabbit.Infra.Bus", "MicroRabbit.Infra.Bus\MicroRabbit.Infra.Bus.csproj", "{784C648F-69E3-47E5-9EE0-9CCDF4C07CBC}"
EndProject
Project("{9A19103F-16F7-4668-BE54-9A1E7A4F7556}") = "MicrroRabbit.Infra.IoC", "MicrroRabbit.Infra.IoC\MicrroRabbit.Infra.IoC.csproj", "{DDDDCA00-030D-4013-A223-810F924A824C}"
EndProject
Project("{2150E333-8FDC-42A3-9474-1A3956D46DE8}") = "Banking", "Banking", "{C2C60B2F-93BA-4E58-A7F9-06CB79F7B729}"
EndProject
Project("{2150E333-8FDC-42A3-9474-1A3956D46DE8}") = "Api", "Api", "{7E8FC947-BE8C-4E3C-90C0-19B7A25A3F6E}"
EndProject
Project("{2150E333-8FDC-42A3-9474-1A3956D46DE8}") = "Domain", "Domain", "{6C9E7E35-6AF4-404D-9E46-74B4642A74D9}"
EndProject
Project("{2150E333-8FDC-42A3-9474-1A3956D46DE8}") = "Application", "Application", "{D424C38F-E67D-4407-B905-2228AC1A06AE}"
EndProject
Project("{2150E333-8FDC-42A3-9474-1A3956D46DE8}") = "Data", "Data", "{6C7F3270-8890-44A6-98EF-8E168689A2A9}"
EndProject
Project("{FAE04EC0-301F-11D3-BF4B-00C04F79EFBC}") = "MicroRabbit.BankingApi", "MicroRabbit.BankingApi\MicroRabbit.BankingApi.csproj", "{B0A97A0D-6B4F-4A73-92BD-321B9A759E2E}"
EndProject
Project("{FAE04EC0-301F-11D3-BF4B-00C04F79EFBC}") = "MicroRabbit.Banking.Application", "MicroRabbit.Banking.Application\MicroRabbit.Banking.Application.csproj", "{30DAC3E7-6132-43C7-8B56-C118396B9A18}"
EndProject
Project("{FAE04EC0-301F-11D3-BF4B-00C04F79EFBC}") = "MicroRabbit.Banking.Data", "MicroRabbit.Banking.Data\MicroRabbit.Banking.Data.csproj", "{642D3BE5-F8F7-44AA-9C08-AF08F22E7F58}"
EndProject
Project("{FAE04EC0-301F-11D3-BF4B-00C04F79EFBC}") = "MicroRabbit.Banking.Domain", "MicroRabbit.Banking.Domain\MicroRabbit.Banking.Domain.csproj", "{05E4AA01-06A7-4334-AE5A-A766FB24F19C}"
EndProject
Global
	GlobalSection(SolutionConfigurationPlatforms) = preSolution
		Debug|Any CPU = Debug|Any CPU
		Release|Any CPU = Release|Any CPU
	EndGlobalSection
	GlobalSection(ProjectConfigurationPlatforms) = postSolution
		{39704DAB-7175-478F-914F-9013F035F906}.Debug|Any CPU.ActiveCfg = Debug|Any CPU
		{39704DAB-7175-478F-914F-9013F035F906}.Debug|Any CPU.Build.0 = Debug|Any CPU
		{39704DAB-7175-478F-914F-9013F035F906}.Release|Any CPU.ActiveCfg = Release|Any CPU
		{39704DAB-7175-478F-914F-9013F035F906}.Release|Any CPU.Build.0 = Release|Any CPU
		{784C648F-69E3-47E5-9EE0-9CCDF4C07CBC}.Debug|Any CPU.ActiveCfg = Debug|Any CPU
		{784C648F-69E3-47E5-9EE0-9CCDF4C07CBC}.Debug|Any CPU.Build.0 = Debug|Any CPU
		{784C648F-69E3-47E5-9EE0-9CCDF4C07CBC}.Release|Any CPU.ActiveCfg = Release|Any CPU
		{784C648F-69E3-47E5-9EE0-9CCDF4C07CBC}.Release|Any CPU.Build.0 = Release|Any CPU
		{DDDDCA00-030D-4013-A223-810F924A824C}.Debug|Any CPU.ActiveCfg = Debug|Any CPU
		{DDDDCA00-030D-4013-A223-810F924A824C}.Debug|Any CPU.Build.0 = Debug|Any CPU
		{DDDDCA00-030D-4013-A223-810F924A824C}.Release|Any CPU.ActiveCfg = Release|Any CPU
		{DDDDCA00-030D-4013-A223-810F924A824C}.Release|Any CPU.Build.0 = Release|Any CPU
		{B0A97A0D-6B4F-4A73-92BD-321B9A759E2E}.Debug|Any CPU.ActiveCfg = Debug|Any CPU
		{B0A97A0D-6B4F-4A73-92BD-321B9A759E2E}.Debug|Any CPU.Build.0 = Debug|Any CPU
		{B0A97A0D-6B4F-4A73-92BD-321B9A759E2E}.Release|Any CPU.ActiveCfg = Release|Any CPU
		{B0A97A0D-6B4F-4A73-92BD-321B9A759E2E}.Release|Any CPU.Build.0 = Release|Any CPU
		{30DAC3E7-6132-43C7-8B56-C118396B9A18}.Debug|Any CPU.ActiveCfg = Debug|Any CPU
		{30DAC3E7-6132-43C7-8B56-C118396B9A18}.Debug|Any CPU.Build.0 = Debug|Any CPU
		{30DAC3E7-6132-43C7-8B56-C118396B9A18}.Release|Any CPU.ActiveCfg = Release|Any CPU
		{30DAC3E7-6132-43C7-8B56-C118396B9A18}.Release|Any CPU.Build.0 = Release|Any CPU
		{642D3BE5-F8F7-44AA-9C08-AF08F22E7F58}.Debug|Any CPU.ActiveCfg = Debug|Any CPU
		{642D3BE5-F8F7-44AA-9C08-AF08F22E7F58}.Debug|Any CPU.Build.0 = Debug|Any CPU
		{642D3BE5-F8F7-44AA-9C08-AF08F22E7F58}.Release|Any CPU.ActiveCfg = Release|Any CPU
		{642D3BE5-F8F7-44AA-9C08-AF08F22E7F58}.Release|Any CPU.Build.0 = Release|Any CPU
		{05E4AA01-06A7-4334-AE5A-A766FB24F19C}.Debug|Any CPU.ActiveCfg = Debug|Any CPU
		{05E4AA01-06A7-4334-AE5A-A766FB24F19C}.Debug|Any CPU.Build.0 = Debug|Any CPU
		{05E4AA01-06A7-4334-AE5A-A766FB24F19C}.Release|Any CPU.ActiveCfg = Release|Any CPU
		{05E4AA01-06A7-4334-AE5A-A766FB24F19C}.Release|Any CPU.Build.0 = Release|Any CPU
	EndGlobalSection
	GlobalSection(SolutionProperties) = preSolution
		HideSolutionNode = FALSE
	EndGlobalSection
	GlobalSection(NestedProjects) = preSolution
		{39704DAB-7175-478F-914F-9013F035F906} = {2719A935-BDBE-4AE9-ABF1-428D66ACE4D0}
		{784C648F-69E3-47E5-9EE0-9CCDF4C07CBC} = {5451C9CE-5F09-4B0E-8F3E-3763313614A3}
		{DDDDCA00-030D-4013-A223-810F924A824C} = {FB78C639-DB37-49CC-9D4D-426B05BA5134}
		{C2C60B2F-93BA-4E58-A7F9-06CB79F7B729} = {C9D7117E-2E26-4EF7-BA4A-E3B2D4C222C3}
		{7E8FC947-BE8C-4E3C-90C0-19B7A25A3F6E} = {C2C60B2F-93BA-4E58-A7F9-06CB79F7B729}
		{6C9E7E35-6AF4-404D-9E46-74B4642A74D9} = {C2C60B2F-93BA-4E58-A7F9-06CB79F7B729}
		{D424C38F-E67D-4407-B905-2228AC1A06AE} = {C2C60B2F-93BA-4E58-A7F9-06CB79F7B729}
		{6C7F3270-8890-44A6-98EF-8E168689A2A9} = {C2C60B2F-93BA-4E58-A7F9-06CB79F7B729}
		{B0A97A0D-6B4F-4A73-92BD-321B9A759E2E} = {7E8FC947-BE8C-4E3C-90C0-19B7A25A3F6E}
		{30DAC3E7-6132-43C7-8B56-C118396B9A18} = {D424C38F-E67D-4407-B905-2228AC1A06AE}
		{642D3BE5-F8F7-44AA-9C08-AF08F22E7F58} = {6C7F3270-8890-44A6-98EF-8E168689A2A9}
		{05E4AA01-06A7-4334-AE5A-A766FB24F19C} = {6C9E7E35-6AF4-404D-9E46-74B4642A74D9}
	EndGlobalSection
	GlobalSection(ExtensibilityGlobals) = postSolution
		SolutionGuid = {EDCB52FA-3399-422C-8AAB-0451B32F9F6D}
	EndGlobalSection
EndGlobal
